
Microsoft Visual Studio Solution File, Format Version 12.00
# Visual Studio Version 17
VisualStudioVersion = 17.9.34616.47
MinimumVisualStudioVersion = 10.0.40219.1
Project("{FAE04EC0-301F-11D3-BF4B-00C04F79EFBC}") = "BackendAssignment2", "BackendAssignment2\BackendAssignment2.csproj", "{6DFDD740-DBA8-456E-AA61-62AB72502C50}"
EndProject
Global
	GlobalSection(SolutionConfigurationPlatforms) = preSolution
		Debug|Any CPU = Debug|Any CPU
		Release|Any CPU = Release|Any CPU
	EndGlobalSection
	GlobalSection(ProjectConfigurationPlatforms) = postSolution
		{6DFDD740-DBA8-456E-AA61-62AB72502C50}.Debug|Any CPU.ActiveCfg = Debug|Any CPU
		{6DFDD740-DBA8-456E-AA61-62AB72502C50}.Debug|Any CPU.Build.0 = Debug|Any CPU
		{6DFDD740-DBA8-456E-AA61-62AB72502C50}.Release|Any CPU.ActiveCfg = Release|Any CPU
		{6DFDD740-DBA8-456E-AA61-62AB72502C50}.Release|Any CPU.Build.0 = Release|Any CPU
	EndGlobalSection
	GlobalSection(SolutionProperties) = preSolution
		HideSolutionNode = FALSE
	EndGlobalSection
	GlobalSection(ExtensibilityGlobals) = postSolution
		SolutionGuid = {D3682FB1-9BE5-4231-9CCA-D64CFFA9140B}
	EndGlobalSection
EndGlobal
